// !$*UTF8*$!
{
	archiveVersion = 1;
	classes = {
	};
	objectVersion = 50;
	objects = {

/* Begin PBXBuildFile section */
		CEC701AF20737F6200450660 /* AppDelegate.swift in Sources */ = {isa = PBXBuildFile; fileRef = CEC701AE20737F6200450660 /* AppDelegate.swift */; };
		CEC701B120737F6200450660 /* ViewController.swift in Sources */ = {isa = PBXBuildFile; fileRef = CEC701B020737F6200450660 /* ViewController.swift */; };
		CEC701B420737F6200450660 /* Main.storyboard in Resources */ = {isa = PBXBuildFile; fileRef = CEC701B220737F6200450660 /* Main.storyboard */; };
		CEC701B620737F6300450660 /* Assets.xcassets in Resources */ = {isa = PBXBuildFile; fileRef = CEC701B520737F6300450660 /* Assets.xcassets */; };
		CEC701B920737F6300450660 /* LaunchScreen.storyboard in Resources */ = {isa = PBXBuildFile; fileRef = CEC701B720737F6300450660 /* LaunchScreen.storyboard */; };
		CEC701C420737F6300450660 /* CobaTests.swift in Sources */ = {isa = PBXBuildFile; fileRef = CEC701C320737F6300450660 /* CobaTests.swift */; };
		CEC701CF20737F6300450660 /* CobaUITests.swift in Sources */ = {isa = PBXBuildFile; fileRef = CEC701CE20737F6300450660 /* CobaUITests.swift */; };
		CEC701DE2074508300450660 /* TextFieldCell.swift in Sources */ = {isa = PBXBuildFile; fileRef = CEC701DC2074508300450660 /* TextFieldCell.swift */; };
		CEC701DF2074508300450660 /* TextFieldCell.xib in Resources */ = {isa = PBXBuildFile; fileRef = CEC701DD2074508300450660 /* TextFieldCell.xib */; };
		CEC701E22074645800450660 /* ButtonCell.swift in Sources */ = {isa = PBXBuildFile; fileRef = CEC701E02074645800450660 /* ButtonCell.swift */; };
		CEC701E32074645800450660 /* ButtonCell.xib in Resources */ = {isa = PBXBuildFile; fileRef = CEC701E12074645800450660 /* ButtonCell.xib */; };
/* End PBXBuildFile section */

/* Begin PBXContainerItemProxy section */
		CEC701C020737F6300450660 /* PBXContainerItemProxy */ = {
			isa = PBXContainerItemProxy;
			containerPortal = CEC701A320737F6200450660 /* Project object */;
			proxyType = 1;
			remoteGlobalIDString = CEC701AA20737F6200450660;
			remoteInfo = Coba;
		};
		CEC701CB20737F6300450660 /* PBXContainerItemProxy */ = {
			isa = PBXContainerItemProxy;
			containerPortal = CEC701A320737F6200450660 /* Project object */;
			proxyType = 1;
			remoteGlobalIDString = CEC701AA20737F6200450660;
			remoteInfo = Coba;
		};
/* End PBXContainerItemProxy section */

/* Begin PBXFileReference section */
		CEC701AB20737F6200450660 /* Coba.app */ = {isa = PBXFileReference; explicitFileType = wrapper.application; includeInIndex = 0; path = Coba.app; sourceTree = BUILT_PRODUCTS_DIR; };
		CEC701AE20737F6200450660 /* AppDelegate.swift */ = {isa = PBXFileReference; lastKnownFileType = sourcecode.swift; path = AppDelegate.swift; sourceTree = "<group>"; };
		CEC701B020737F6200450660 /* ViewController.swift */ = {isa = PBXFileReference; lastKnownFileType = sourcecode.swift; path = ViewController.swift; sourceTree = "<group>"; };
		CEC701B320737F6200450660 /* Base */ = {isa = PBXFileReference; lastKnownFileType = file.storyboard; name = Base; path = Base.lproj/Main.storyboard; sourceTree = "<group>"; };
		CEC701B520737F6300450660 /* Assets.xcassets */ = {isa = PBXFileReference; lastKnownFileType = folder.assetcatalog; path = Assets.xcassets; sourceTree = "<group>"; };
		CEC701B820737F6300450660 /* Base */ = {isa = PBXFileReference; lastKnownFileType = file.storyboard; name = Base; path = Base.lproj/LaunchScreen.storyboard; sourceTree = "<group>"; };
		CEC701BA20737F6300450660 /* Info.plist */ = {isa = PBXFileReference; lastKnownFileType = text.plist.xml; path = Info.plist; sourceTree = "<group>"; };
		CEC701BF20737F6300450660 /* CobaTests.xctest */ = {isa = PBXFileReference; explicitFileType = wrapper.cfbundle; includeInIndex = 0; path = CobaTests.xctest; sourceTree = BUILT_PRODUCTS_DIR; };
		CEC701C320737F6300450660 /* CobaTests.swift */ = {isa = PBXFileReference; lastKnownFileType = sourcecode.swift; path = CobaTests.swift; sourceTree = "<group>"; };
		CEC701C520737F6300450660 /* Info.plist */ = {isa = PBXFileReference; lastKnownFileType = text.plist.xml; path = Info.plist; sourceTree = "<group>"; };
		CEC701CA20737F6300450660 /* CobaUITests.xctest */ = {isa = PBXFileReference; explicitFileType = wrapper.cfbundle; includeInIndex = 0; path = CobaUITests.xctest; sourceTree = BUILT_PRODUCTS_DIR; };
		CEC701CE20737F6300450660 /* CobaUITests.swift */ = {isa = PBXFileReference; lastKnownFileType = sourcecode.swift; path = CobaUITests.swift; sourceTree = "<group>"; };
		CEC701D020737F6300450660 /* Info.plist */ = {isa = PBXFileReference; lastKnownFileType = text.plist.xml; path = Info.plist; sourceTree = "<group>"; };
		CEC701DC2074508300450660 /* TextFieldCell.swift */ = {isa = PBXFileReference; lastKnownFileType = sourcecode.swift; path = TextFieldCell.swift; sourceTree = "<group>"; };
		CEC701DD2074508300450660 /* TextFieldCell.xib */ = {isa = PBXFileReference; lastKnownFileType = file.xib; path = TextFieldCell.xib; sourceTree = "<group>"; };
		CEC701E02074645800450660 /* ButtonCell.swift */ = {isa = PBXFileReference; lastKnownFileType = sourcecode.swift; path = ButtonCell.swift; sourceTree = "<group>"; };
		CEC701E12074645800450660 /* ButtonCell.xib */ = {isa = PBXFileReference; lastKnownFileType = file.xib; path = ButtonCell.xib; sourceTree = "<group>"; };
/* End PBXFileReference section */

/* Begin PBXFrameworksBuildPhase section */
		CEC701A820737F6200450660 /* Frameworks */ = {
			isa = PBXFrameworksBuildPhase;
			buildActionMask = 2147483647;
			files = (
			);
			runOnlyForDeploymentPostprocessing = 0;
		};
		CEC701BC20737F6300450660 /* Frameworks */ = {
			isa = PBXFrameworksBuildPhase;
			buildActionMask = 2147483647;
			files = (
			);
			runOnlyForDeploymentPostprocessing = 0;
		};
		CEC701C720737F6300450660 /* Frameworks */ = {
			isa = PBXFrameworksBuildPhase;
			buildActionMask = 2147483647;
			files = (
			);
			runOnlyForDeploymentPostprocessing = 0;
		};
/* End PBXFrameworksBuildPhase section */

/* Begin PBXGroup section */
		CEC701A220737F6200450660 = {
			isa = PBXGroup;
			children = (
				CEC701AD20737F6200450660 /* Coba */,
				CEC701C220737F6300450660 /* CobaTests */,
				CEC701CD20737F6300450660 /* CobaUITests */,
				CEC701AC20737F6200450660 /* Products */,
			);
			sourceTree = "<group>";
		};
		CEC701AC20737F6200450660 /* Products */ = {
			isa = PBXGroup;
			children = (
				CEC701AB20737F6200450660 /* Coba.app */,
				CEC701BF20737F6300450660 /* CobaTests.xctest */,
				CEC701CA20737F6300450660 /* CobaUITests.xctest */,
			);
			name = Products;
			sourceTree = "<group>";
		};
		CEC701AD20737F6200450660 /* Coba */ = {
			isa = PBXGroup;
			children = (
				CEC701AE20737F6200450660 /* AppDelegate.swift */,
				CEC701B020737F6200450660 /* ViewController.swift */,
				CEC701DC2074508300450660 /* TextFieldCell.swift */,
				CEC701DD2074508300450660 /* TextFieldCell.xib */,
				CEC701E02074645800450660 /* ButtonCell.swift */,
				CEC701E12074645800450660 /* ButtonCell.xib */,
				CEC701B220737F6200450660 /* Main.storyboard */,
				CEC701B520737F6300450660 /* Assets.xcassets */,
				CEC701B720737F6300450660 /* LaunchScreen.storyboard */,
				CEC701BA20737F6300450660 /* Info.plist */,
			);
			path = Coba;
			sourceTree = "<group>";
		};
		CEC701C220737F6300450660 /* CobaTests */ = {
			isa = PBXGroup;
			children = (
				CEC701C320737F6300450660 /* CobaTests.swift */,
				CEC701C520737F6300450660 /* Info.plist */,
			);
			path = CobaTests;
			sourceTree = "<group>";
		};
		CEC701CD20737F6300450660 /* CobaUITests */ = {
			isa = PBXGroup;
			children = (
				CEC701CE20737F6300450660 /* CobaUITests.swift */,
				CEC701D020737F6300450660 /* Info.plist */,
			);
			path = CobaUITests;
			sourceTree = "<group>";
		};
/* End PBXGroup section */

/* Begin PBXNativeTarget section */
		CEC701AA20737F6200450660 /* Coba */ = {
			isa = PBXNativeTarget;
			buildConfigurationList = CEC701D320737F6300450660 /* Build configuration list for PBXNativeTarget "Coba" */;
			buildPhases = (
				CEC701A720737F6200450660 /* Sources */,
				CEC701A820737F6200450660 /* Frameworks */,
				CEC701A920737F6200450660 /* Resources */,
			);
			buildRules = (
			);
			dependencies = (
			);
			name = Coba;
			productName = Coba;
			productReference = CEC701AB20737F6200450660 /* Coba.app */;
			productType = "com.apple.product-type.application";
		};
		CEC701BE20737F6300450660 /* CobaTests */ = {
			isa = PBXNativeTarget;
			buildConfigurationList = CEC701D620737F6300450660 /* Build configuration list for PBXNativeTarget "CobaTests" */;
			buildPhases = (
				CEC701BB20737F6300450660 /* Sources */,
				CEC701BC20737F6300450660 /* Frameworks */,
				CEC701BD20737F6300450660 /* Resources */,
			);
			buildRules = (
			);
			dependencies = (
				CEC701C120737F6300450660 /* PBXTargetDependency */,
			);
			name = CobaTests;
			productName = CobaTests;
			productReference = CEC701BF20737F6300450660 /* CobaTests.xctest */;
			productType = "com.apple.product-type.bundle.unit-test";
		};
		CEC701C920737F6300450660 /* CobaUITests */ = {
			isa = PBXNativeTarget;
			buildConfigurationList = CEC701D920737F6300450660 /* Build configuration list for PBXNativeTarget "CobaUITests" */;
			buildPhases = (
				CEC701C620737F6300450660 /* Sources */,
				CEC701C720737F6300450660 /* Frameworks */,
				CEC701C820737F6300450660 /* Resources */,
			);
			buildRules = (
			);
			dependencies = (
				CEC701CC20737F6300450660 /* PBXTargetDependency */,
			);
			name = CobaUITests;
			productName = CobaUITests;
			productReference = CEC701CA20737F6300450660 /* CobaUITests.xctest */;
			productType = "com.apple.product-type.bundle.ui-testing";
		};
/* End PBXNativeTarget section */

/* Begin PBXProject section */
		CEC701A320737F6200450660 /* Project object */ = {
			isa = PBXProject;
			attributes = {
				LastSwiftUpdateCheck = 0930;
				LastUpgradeCheck = 0930;
				ORGANIZATIONNAME = User;
				TargetAttributes = {
					CEC701AA20737F6200450660 = {
						CreatedOnToolsVersion = 9.3;
					};
					CEC701BE20737F6300450660 = {
						CreatedOnToolsVersion = 9.3;
						TestTargetID = CEC701AA20737F6200450660;
					};
					CEC701C920737F6300450660 = {
						CreatedOnToolsVersion = 9.3;
						TestTargetID = CEC701AA20737F6200450660;
					};
				};
			};
			buildConfigurationList = CEC701A620737F6200450660 /* Build configuration list for PBXProject "Coba" */;
			compatibilityVersion = "Xcode 9.3";
			developmentRegion = en;
			hasScannedForEncodings = 0;
			knownRegions = (
				en,
				Base,
			);
			mainGroup = CEC701A220737F6200450660;
			productRefGroup = CEC701AC20737F6200450660 /* Products */;
			projectDirPath = "";
			projectRoot = "";
			targets = (
				CEC701AA20737F6200450660 /* Coba */,
				CEC701BE20737F6300450660 /* CobaTests */,
				CEC701C920737F6300450660 /* CobaUITests */,
			);
		};
/* End PBXProject section */

/* Begin PBXResourcesBuildPhase section */
		CEC701A920737F6200450660 /* Resources */ = {
			isa = PBXResourcesBuildPhase;
			buildActionMask = 2147483647;
			files = (
				CEC701B920737F6300450660 /* LaunchScreen.storyboard in Resources */,
				CEC701B620737F6300450660 /* Assets.xcassets in Resources */,
				CEC701E32074645800450660 /* ButtonCell.xib in Resources */,
				CEC701B420737F6200450660 /* Main.storyboard in Resources */,
				CEC701DF2074508300450660 /* TextFieldCell.xib in Resources */,
			);
			runOnlyForDeploymentPostprocessing = 0;
		};
		CEC701BD20737F6300450660 /* Resources */ = {
			isa = PBXResourcesBuildPhase;
			buildActionMask = 2147483647;
			files = (
			);
			runOnlyForDeploymentPostprocessing = 0;
		};
		CEC701C820737F6300450660 /* Resources */ = {
			isa = PBXResourcesBuildPhase;
			buildActionMask = 2147483647;
			files = (
			);
			runOnlyForDeploymentPostprocessing = 0;
		};
/* End PBXResourcesBuildPhase section */

/* Begin PBXSourcesBuildPhase section */
		CEC701A720737F6200450660 /* Sources */ = {
			isa = PBXSourcesBuildPhase;
			buildActionMask = 2147483647;
			files = (
				CEC701B120737F6200450660 /* ViewController.swift in Sources */,
				CEC701AF20737F6200450660 /* AppDelegate.swift in Sources */,
				CEC701DE2074508300450660 /* TextFieldCell.swift in Sources */,
				CEC701E22074645800450660 /* ButtonCell.swift in Sources */,
			);
			runOnlyForDeploymentPostprocessing = 0;
		};
		CEC701BB20737F6300450660 /* Sources */ = {
			isa = PBXSourcesBuildPhase;
			buildActionMask = 2147483647;
			files = (
				CEC701C420737F6300450660 /* CobaTests.swift in Sources */,
			);
			runOnlyForDeploymentPostprocessing = 0;
		};
		CEC701C620737F6300450660 /* Sources */ = {
			isa = PBXSourcesBuildPhase;
			buildActionMask = 2147483647;
			files = (
				CEC701CF20737F6300450660 /* CobaUITests.swift in Sources */,
			);
			runOnlyForDeploymentPostprocessing = 0;
		};
/* End PBXSourcesBuildPhase section */

/* Begin PBXTargetDependency section */
		CEC701C120737F6300450660 /* PBXTargetDependency */ = {
			isa = PBXTargetDependency;
			target = CEC701AA20737F6200450660 /* Coba */;
			targetProxy = CEC701C020737F6300450660 /* PBXContainerItemProxy */;
		};
		CEC701CC20737F6300450660 /* PBXTargetDependency */ = {
			isa = PBXTargetDependency;
			target = CEC701AA20737F6200450660 /* Coba */;
			targetProxy = CEC701CB20737F6300450660 /* PBXContainerItemProxy */;
		};
/* End PBXTargetDependency section */

/* Begin PBXVariantGroup section */
		CEC701B220737F6200450660 /* Main.storyboard */ = {
			isa = PBXVariantGroup;
			children = (
				CEC701B320737F6200450660 /* Base */,
			);
			name = Main.storyboard;
			sourceTree = "<group>";
		};
		CEC701B720737F6300450660 /* LaunchScreen.storyboard */ = {
			isa = PBXVariantGroup;
			children = (
				CEC701B820737F6300450660 /* Base */,
			);
			name = LaunchScreen.storyboard;
			sourceTree = "<group>";
		};
/* End PBXVariantGroup section */

/* Begin XCBuildConfiguration section */
		CEC701D120737F6300450660 /* Debug */ = {
			isa = XCBuildConfiguration;
			buildSettings = {
				ALWAYS_SEARCH_USER_PATHS = NO;
				CLANG_ANALYZER_NONNULL = YES;
				CLANG_ANALYZER_NUMBER_OBJECT_CONVERSION = YES_AGGRESSIVE;
				CLANG_CXX_LANGUAGE_STANDARD = "gnu++14";
				CLANG_CXX_LIBRARY = "libc++";
				CLANG_ENABLE_MODULES = YES;
				CLANG_ENABLE_OBJC_ARC = YES;
				CLANG_ENABLE_OBJC_WEAK = YES;
				CLANG_WARN_BLOCK_CAPTURE_AUTORELEASING = YES;
				CLANG_WARN_BOOL_CONVERSION = YES;
				CLANG_WARN_COMMA = YES;
				CLANG_WARN_CONSTANT_CONVERSION = YES;
				CLANG_WARN_DEPRECATED_OBJC_IMPLEMENTATIONS = YES;
				CLANG_WARN_DIRECT_OBJC_ISA_USAGE = YES_ERROR;
				CLANG_WARN_DOCUMENTATION_COMMENTS = YES;
				CLANG_WARN_EMPTY_BODY = YES;
				CLANG_WARN_ENUM_CONVERSION = YES;
				CLANG_WARN_INFINITE_RECURSION = YES;
				CLANG_WARN_INT_CONVERSION = YES;
				CLANG_WARN_NON_LITERAL_NULL_CONVERSION = YES;
				CLANG_WARN_OBJC_IMPLICIT_RETAIN_SELF = YES;
				CLANG_WARN_OBJC_LITERAL_CONVERSION = YES;
				CLANG_WARN_OBJC_ROOT_CLASS = YES_ERROR;
				CLANG_WARN_RANGE_LOOP_ANALYSIS = YES;
				CLANG_WARN_STRICT_PROTOTYPES = YES;
				CLANG_WARN_SUSPICIOUS_MOVE = YES;
				CLANG_WARN_UNGUARDED_AVAILABILITY = YES_AGGRESSIVE;
				CLANG_WARN_UNREACHABLE_CODE = YES;
				CLANG_WARN__DUPLICATE_METHOD_MATCH = YES;
				CODE_SIGN_IDENTITY = "iPhone Developer";
				COPY_PHASE_STRIP = NO;
				DEBUG_INFORMATION_FORMAT = dwarf;
				ENABLE_STRICT_OBJC_MSGSEND = YES;
				ENABLE_TESTABILITY = YES;
				GCC_C_LANGUAGE_STANDARD = gnu11;
				GCC_DYNAMIC_NO_PIC = NO;
				GCC_NO_COMMON_BLOCKS = YES;
				GCC_OPTIMIZATION_LEVEL = 0;
				GCC_PREPROCESSOR_DEFINITIONS = (
					"DEBUG=1",
					"$(inherited)",
				);
				GCC_WARN_64_TO_32_BIT_CONVERSION = YES;
				GCC_WARN_ABOUT_RETURN_TYPE = YES_ERROR;
				GCC_WARN_UNDECLARED_SELECTOR = YES;
				GCC_WARN_UNINITIALIZED_AUTOS = YES_AGGRESSIVE;
				GCC_WARN_UNUSED_FUNCTION = YES;
				GCC_WARN_UNUSED_VARIABLE = YES;
				IPHONEOS_DEPLOYMENT_TARGET = 11.3;
				MTL_ENABLE_DEBUG_INFO = YES;
				ONLY_ACTIVE_ARCH = YES;
				SDKROOT = iphoneos;
				SWIFT_ACTIVE_COMPILATION_CONDITIONS = DEBUG;
				SWIFT_OPTIMIZATION_LEVEL = "-Onone";
			};
			name = Debug;
		};
		CEC701D220737F6300450660 /* Release */ = {
			isa = XCBuildConfiguration;
			buildSettings = {
				ALWAYS_SEARCH_USER_PATHS = NO;
				CLANG_ANALYZER_NONNULL = YES;
				CLANG_ANALYZER_NUMBER_OBJECT_CONVERSION = YES_AGGRESSIVE;
				CLANG_CXX_LANGUAGE_STANDARD = "gnu++14";
				CLANG_CXX_LIBRARY = "libc++";
				CLANG_ENABLE_MODULES = YES;
				CLANG_ENABLE_OBJC_ARC = YES;
				CLANG_ENABLE_OBJC_WEAK = YES;
				CLANG_WARN_BLOCK_CAPTURE_AUTORELEASING = YES;
				CLANG_WARN_BOOL_CONVERSION = YES;
				CLANG_WARN_COMMA = YES;
				CLANG_WARN_CONSTANT_CONVERSION = YES;
				CLANG_WARN_DEPRECATED_OBJC_IMPLEMENTATIONS = YES;
				CLANG_WARN_DIRECT_OBJC_ISA_USAGE = YES_ERROR;
				CLANG_WARN_DOCUMENTATION_COMMENTS = YES;
				CLANG_WARN_EMPTY_BODY = YES;
				CLANG_WARN_ENUM_CONVERSION = YES;
				CLANG_WARN_INFINITE_RECURSION = YES;
				CLANG_WARN_INT_CONVERSION = YES;
				CLANG_WARN_NON_LITERAL_NULL_CONVERSION = YES;
				CLANG_WARN_OBJC_IMPLICIT_RETAIN_SELF = YES;
				CLANG_WARN_OBJC_LITERAL_CONVERSION = YES;
				CLANG_WARN_OBJC_ROOT_CLASS = YES_ERROR;
				CLANG_WARN_RANGE_LOOP_ANALYSIS = YES;
				CLANG_WARN_STRICT_PROTOTYPES = YES;
				CLANG_WARN_SUSPICIOUS_MOVE = YES;
				CLANG_WARN_UNGUARDED_AVAILABILITY = YES_AGGRESSIVE;
				CLANG_WARN_UNREACHABLE_CODE = YES;
				CLANG_WARN__DUPLICATE_METHOD_MATCH = YES;
				CODE_SIGN_IDENTITY = "iPhone Developer";
				COPY_PHASE_STRIP = NO;
				DEBUG_INFORMATION_FORMAT = "dwarf-with-dsym";
				ENABLE_NS_ASSERTIONS = NO;
				ENABLE_STRICT_OBJC_MSGSEND = YES;
				GCC_C_LANGUAGE_STANDARD = gnu11;
				GCC_NO_COMMON_BLOCKS = YES;
				GCC_WARN_64_TO_32_BIT_CONVERSION = YES;
				GCC_WARN_ABOUT_RETURN_TYPE = YES_ERROR;
				GCC_WARN_UNDECLARED_SELECTOR = YES;
				GCC_WARN_UNINITIALIZED_AUTOS = YES_AGGRESSIVE;
				GCC_WARN_UNUSED_FUNCTION = YES;
				GCC_WARN_UNUSED_VARIABLE = YES;
				IPHONEOS_DEPLOYMENT_TARGET = 11.3;
				MTL_ENABLE_DEBUG_INFO = NO;
				SDKROOT = iphoneos;
				SWIFT_COMPILATION_MODE = wholemodule;
				SWIFT_OPTIMIZATION_LEVEL = "-O";
				VALIDATE_PRODUCT = YES;
			};
			name = Release;
		};
		CEC701D420737F6300450660 /* Debug */ = {
			isa = XCBuildConfiguration;
			buildSettings = {
				ASSETCATALOG_COMPILER_APPICON_NAME = AppIcon;
				CODE_SIGN_STYLE = Automatic;
				INFOPLIST_FILE = Coba/Info.plist;
				LD_RUNPATH_SEARCH_PATHS = (
					"$(inherited)",
					"@executable_path/Frameworks",
				);
				PRODUCT_BUNDLE_IDENTIFIER = JYSK.Coba;
				PRODUCT_NAME = "$(TARGET_NAME)";
				SWIFT_VERSION = 4.0;
				TARGETED_DEVICE_FAMILY = "1,2";
			};
			name = Debug;
		};
		CEC701D520737F6300450660 /* Release */ = {
			isa = XCBuildConfiguration;
			buildSettings = {
				ASSETCATALOG_COMPILER_APPICON_NAME = AppIcon;
				CODE_SIGN_STYLE = Automatic;
				INFOPLIST_FILE = Coba/Info.plist;
				LD_RUNPATH_SEARCH_PATHS = (
					"$(inherited)",
					"@executable_path/Frameworks",
				);
				PRODUCT_BUNDLE_IDENTIFIER = JYSK.Coba;
				PRODUCT_NAME = "$(TARGET_NAME)";
				SWIFT_VERSION = 4.0;
				TARGETED_DEVICE_FAMILY = "1,2";
			};
			name = Release;
		};
		CEC701D720737F6300450660 /* Debug */ = {
			isa = XCBuildConfiguration;
			buildSettings = {
				ALWAYS_EMBED_SWIFT_STANDARD_LIBRARIES = YES;
				BUNDLE_LOADER = "$(TEST_HOST)";
				CODE_SIGN_STYLE = Automatic;
				INFOPLIST_FILE = CobaTests/Info.plist;
				LD_RUNPATH_SEARCH_PATHS = (
					"$(inherited)",
					"@executable_path/Frameworks",
					"@loader_path/Frameworks",
				);
				PRODUCT_BUNDLE_IDENTIFIER = JYSK.CobaTests;
				PRODUCT_NAME = "$(TARGET_NAME)";
				SWIFT_VERSION = 4.0;
				TARGETED_DEVICE_FAMILY = "1,2";
				TEST_HOST = "$(BUILT_PRODUCTS_DIR)/Coba.app/Coba";
			};
			name = Debug;
		};
		CEC701D820737F6300450660 /* Release */ = {
			isa = XCBuildConfiguration;
			buildSettings = {
				ALWAYS_EMBED_SWIFT_STANDARD_LIBRARIES = YES;
				BUNDLE_LOADER = "$(TEST_HOST)";
				CODE_SIGN_STYLE = Automatic;
				INFOPLIST_FILE = CobaTests/Info.plist;
				LD_RUNPATH_SEARCH_PATHS = (
					"$(inherited)",
					"@executable_path/Frameworks",
					"@loader_path/Frameworks",
				);
				PRODUCT_BUNDLE_IDENTIFIER = JYSK.CobaTests;
				PRODUCT_NAME = "$(TARGET_NAME)";
				SWIFT_VERSION = 4.0;
				TARGETED_DEVICE_FAMILY = "1,2";
				TEST_HOST = "$(BUILT_PRODUCTS_DIR)/Coba.app/Coba";
			};
			name = Release;
		};
		CEC701DA20737F6300450660 /* Debug */ = {
			isa = XCBuildConfiguration;
			buildSettings = {
				ALWAYS_EMBED_SWIFT_STANDARD_LIBRARIES = YES;
				CODE_SIGN_STYLE = Automatic;
				INFOPLIST_FILE = CobaUITests/Info.plist;
				LD_RUNPATH_SEARCH_PATHS = (
					"$(inherited)",
					"@executable_path/Frameworks",
					"@loader_path/Frameworks",
				);
				PRODUCT_BUNDLE_IDENTIFIER = JYSK.CobaUITests;
				PRODUCT_NAME = "$(TARGET_NAME)";
				SWIFT_VERSION = 4.0;
				TARGETED_DEVICE_FAMILY = "1,2";
				TEST_TARGET_NAME = Coba;
			};
			name = Debug;
		};
		CEC701DB20737F6300450660 /* Release */ = {
			isa = XCBuildConfiguration;
			buildSettings = {
				ALWAYS_EMBED_SWIFT_STANDARD_LIBRARIES = YES;
				CODE_SIGN_STYLE = Automatic;
				INFOPLIST_FILE = CobaUITests/Info.plist;
				LD_RUNPATH_SEARCH_PATHS = (
					"$(inherited)",
					"@executable_path/Frameworks",
					"@loader_path/Frameworks",
				);
				PRODUCT_BUNDLE_IDENTIFIER = JYSK.CobaUITests;
				PRODUCT_NAME = "$(TARGET_NAME)";
				SWIFT_VERSION = 4.0;
				TARGETED_DEVICE_FAMILY = "1,2";
				TEST_TARGET_NAME = Coba;
			};
			name = Release;
		};
/* End XCBuildConfiguration section */

/* Begin XCConfigurationList section */
		CEC701A620737F6200450660 /* Build configuration list for PBXProject "Coba" */ = {
			isa = XCConfigurationList;
			buildConfigurations = (
				CEC701D120737F6300450660 /* Debug */,
				CEC701D220737F6300450660 /* Release */,
			);
			defaultConfigurationIsVisible = 0;
			defaultConfigurationName = Release;
		};
		CEC701D320737F6300450660 /* Build configuration list for PBXNativeTarget "Coba" */ = {
			isa = XCConfigurationList;
			buildConfigurations = (
				CEC701D420737F6300450660 /* Debug */,
				CEC701D520737F6300450660 /* Release */,
			);
			defaultConfigurationIsVisible = 0;
			defaultConfigurationName = Release;
		};
		CEC701D620737F6300450660 /* Build configuration list for PBXNativeTarget "CobaTests" */ = {
			isa = XCConfigurationList;
			buildConfigurations = (
				CEC701D720737F6300450660 /* Debug */,
				CEC701D820737F6300450660 /* Release */,
			);
			defaultConfigurationIsVisible = 0;
			defaultConfigurationName = Release;
		};
		CEC701D920737F6300450660 /* Build configuration list for PBXNativeTarget "CobaUITests" */ = {
			isa = XCConfigurationList;
			buildConfigurations = (
				CEC701DA20737F6300450660 /* Debug */,
				CEC701DB20737F6300450660 /* Release */,
			);
			defaultConfigurationIsVisible = 0;
			defaultConfigurationName = Release;
		};
/* End XCConfigurationList section */
	};
	rootObject = CEC701A320737F6200450660 /* Project object */;
}
